
Microsoft Visual Studio Solution File, Format Version 12.00
# Visual Studio Version 17
VisualStudioVersion = 17.7.33808.371
MinimumVisualStudioVersion = 10.0.40219.1
Project("{9A19103F-16F7-4668-BE54-9A1E7A4F7556}") = "XafBlazorMapsGps.Module", "XafBlazorMapsGps.Module\XafBlazorMapsGps.Module.csproj", "{00F9DA8C-979C-4B68-922D-16A7EB14C85D}"
EndProject
Project("{9A19103F-16F7-4668-BE54-9A1E7A4F7556}") = "XafBlazorMapsGps.Blazor.Server", "XafBlazorMapsGps.Blazor.Server\XafBlazorMapsGps.Blazor.Server.csproj", "{C69E619A-8FBB-45C0-A78F-860D065F6B12}"
EndProject
Global
	GlobalSection(SolutionConfigurationPlatforms) = preSolution
		Debug|Any CPU = Debug|Any CPU
		EasyTest|Any CPU = EasyTest|Any CPU
		Release|Any CPU = Release|Any CPU
	EndGlobalSection
	GlobalSection(ProjectConfigurationPlatforms) = postSolution
		{00F9DA8C-979C-4B68-922D-16A7EB14C85D}.Debug|Any CPU.ActiveCfg = Debug|Any CPU
		{00F9DA8C-979C-4B68-922D-16A7EB14C85D}.Debug|Any CPU.Build.0 = Debug|Any CPU
		{00F9DA8C-979C-4B68-922D-16A7EB14C85D}.EasyTest|Any CPU.ActiveCfg = EasyTest|Any CPU
		{00F9DA8C-979C-4B68-922D-16A7EB14C85D}.EasyTest|Any CPU.Build.0 = EasyTest|Any CPU
		{00F9DA8C-979C-4B68-922D-16A7EB14C85D}.Release|Any CPU.ActiveCfg = Release|Any CPU
		{00F9DA8C-979C-4B68-922D-16A7EB14C85D}.Release|Any CPU.Build.0 = Release|Any CPU
		{C69E619A-8FBB-45C0-A78F-860D065F6B12}.Debug|Any CPU.ActiveCfg = Debug|Any CPU
		{C69E619A-8FBB-45C0-A78F-860D065F6B12}.Debug|Any CPU.Build.0 = Debug|Any CPU
		{C69E619A-8FBB-45C0-A78F-860D065F6B12}.EasyTest|Any CPU.ActiveCfg = EasyTest|Any CPU
		{C69E619A-8FBB-45C0-A78F-860D065F6B12}.EasyTest|Any CPU.Build.0 = EasyTest|Any CPU
		{C69E619A-8FBB-45C0-A78F-860D065F6B12}.Release|Any CPU.ActiveCfg = Release|Any CPU
		{C69E619A-8FBB-45C0-A78F-860D065F6B12}.Release|Any CPU.Build.0 = Release|Any CPU
	EndGlobalSection
	GlobalSection(SolutionProperties) = preSolution
		HideSolutionNode = FALSE
	EndGlobalSection
EndGlobal
